{
  "version": 4,
  "terraform_version": "0.14.8",
  "serial": 3,
  "lineage": "3c73cb9c-6dda-c0b5-2a54-18f5f900239d",
  "outputs": {},
  "resources": [
    {
      "module": "module.dev_bucket.module.bucket",
      "mode": "data",
      "type": "google_project",
      "name": "current",
      "provider": "provider[\"registry.terraform.io/hashicorp/google\"]",
      "instances": [
        {
          "schema_version": 0,
          "attributes": {
            "auto_create_network": null,
            "billing_account": "0105E1-61A6DE-D85D10",
            "folder_id": "121162215225",
            "id": "projects/tony-sandbox-308422",
            "labels": {},
            "name": "tony-sandbox",
            "number": "439269325346",
            "org_id": "",
            "project_id": "tony-sandbox-308422",
            "skip_delete": null
          },
          "sensitive_attributes": []
        }
      ]
    },
    {
      "module": "module.dev_bucket.module.bucket",
      "mode": "managed",
      "type": "google_storage_bucket",
      "name": "bucket-ya",
      "provider": "provider[\"registry.terraform.io/hashicorp/google\"]",
      "instances": [
        {
          "schema_version": 0,
          "attributes": {
            "cors": [],
            "default_event_based_hold": false,
            "encryption": [],
            "force_destroy": true,
            "id": "dev_bucket-tony-sandbox-308422",
            "labels": null,
            "lifecycle_rule": [],
            "location": "US",
            "logging": [],
            "name": "dev_bucket-tony-sandbox-308422",
            "project": "tony-sandbox-308422",
            "requester_pays": false,
            "retention_policy": [],
            "self_link": "https://www.googleapis.com/storage/v1/b/dev_bucket-tony-sandbox-308422",
            "storage_class": "STANDARD",
            "timeouts": null,
            "uniform_bucket_level_access": false,
            "url": "gs://dev_bucket-tony-sandbox-308422",
            "versioning": [],
            "website": []
          },
          "sensitive_attributes": [],
          "private": "eyJlMmJmYjczMC1lY2FhLTExZTYtOGY4OC0zNDM2M2JjN2M0YzAiOnsiY3JlYXRlIjoyNDAwMDAwMDAwMDAsInJlYWQiOjI0MDAwMDAwMDAwMCwidXBkYXRlIjoyNDAwMDAwMDAwMDB9fQ==",
          "dependencies": [
            "module.dev_bucket.module.bucket.data.google_project.current"
          ]
        }
      ]
    }
  ]
}
